
Microsoft Visual Studio Solution File, Format Version 12.00
# Visual Studio Version 16
VisualStudioVersion = 16.0.32126.315
MinimumVisualStudioVersion = 10.0.40219.1
Project("{FAE04EC0-301F-11D3-BF4B-00C04F79EFBC}") = "HomeWork13March", "HomeWork13March\HomeWork13March.csproj", "{C2D4ADD7-A43B-4FD8-B68A-C45D1BD06CA2}"
EndProject
Global
	GlobalSection(SolutionConfigurationPlatforms) = preSolution
		Debug|Any CPU = Debug|Any CPU
		Release|Any CPU = Release|Any CPU
	EndGlobalSection
	GlobalSection(ProjectConfigurationPlatforms) = postSolution
		{C2D4ADD7-A43B-4FD8-B68A-C45D1BD06CA2}.Debug|Any CPU.ActiveCfg = Debug|Any CPU
		{C2D4ADD7-A43B-4FD8-B68A-C45D1BD06CA2}.Debug|Any CPU.Build.0 = Debug|Any CPU
		{C2D4ADD7-A43B-4FD8-B68A-C45D1BD06CA2}.Release|Any CPU.ActiveCfg = Release|Any CPU
		{C2D4ADD7-A43B-4FD8-B68A-C45D1BD06CA2}.Release|Any CPU.Build.0 = Release|Any CPU
	EndGlobalSection
	GlobalSection(SolutionProperties) = preSolution
		HideSolutionNode = FALSE
	EndGlobalSection
	GlobalSection(ExtensibilityGlobals) = postSolution
		SolutionGuid = {EED50E86-F054-4187-AF05-89B5E913A2E1}
	EndGlobalSection
EndGlobal
